
Microsoft Visual Studio Solution File, Format Version 12.00
Project("{FAE04EC0-301F-11D3-BF4B-00C04F79EFBC}") = "Minesweeper", "Minesweeper\Minesweeper.csproj", "{963B7783-6286-43C2-9B7D-46E04136BF17}"
EndProject
Global
	GlobalSection(SolutionConfigurationPlatforms) = preSolution
		Debug|Any CPU = Debug|Any CPU
		Release|Any CPU = Release|Any CPU
	EndGlobalSection
	GlobalSection(ProjectConfigurationPlatforms) = postSolution
		{963B7783-6286-43C2-9B7D-46E04136BF17}.Debug|Any CPU.ActiveCfg = Debug|Any CPU
		{963B7783-6286-43C2-9B7D-46E04136BF17}.Debug|Any CPU.Build.0 = Debug|Any CPU
		{963B7783-6286-43C2-9B7D-46E04136BF17}.Release|Any CPU.ActiveCfg = Release|Any CPU
		{963B7783-6286-43C2-9B7D-46E04136BF17}.Release|Any CPU.Build.0 = Release|Any CPU
	EndGlobalSection
EndGlobal
